// !$*UTF8*$!
{
	archiveVersion = 1;
	classes = {
	};
	objectVersion = 50;
	objects = {

/* Begin PBXFileReference section */
		41DE6C4823803089005AF654 /* main.cpp */ = {isa = PBXFileReference; lastKnownFileType = sourcecode.cpp.cpp; path = main.cpp; sourceTree = "<group>"; };
		41DE6C4923803089005AF654 /* main.hpp */ = {isa = PBXFileReference; lastKnownFileType = sourcecode.cpp.h; path = main.hpp; sourceTree = "<group>"; };
		41DE6C4A23803195005AF654 /* .gitignore */ = {isa = PBXFileReference; lastKnownFileType = text; path = .gitignore; sourceTree = "<group>"; };
		41DE6C4B23803783005AF654 /* readme.md */ = {isa = PBXFileReference; lastKnownFileType = net.daringfireball.markdown; path = readme.md; sourceTree = "<group>"; };
/* End PBXFileReference section */

/* Begin PBXGroup section */
		41DE6C4123803063005AF654 = {
			isa = PBXGroup;
			children = (
				41DE6C4B23803783005AF654 /* readme.md */,
				41DE6C4A23803195005AF654 /* .gitignore */,
				41DE6C4823803089005AF654 /* main.cpp */,
				41DE6C4923803089005AF654 /* main.hpp */,
			);
			sourceTree = "<group>";
		};
/* End PBXGroup section */

/* Begin PBXProject section */
		41DE6C4223803063005AF654 /* Project object */ = {
			isa = PBXProject;
			attributes = {
				LastUpgradeCheck = 1120;
			};
			buildConfigurationList = 41DE6C4523803063005AF654 /* Build configuration list for PBXProject "linear-regression-c-project" */;
			compatibilityVersion = "Xcode 9.3";
			developmentRegion = en;
			hasScannedForEncodings = 0;
			knownRegions = (
				en,
				Base,
			);
			mainGroup = 41DE6C4123803063005AF654;
			projectDirPath = "";
			projectRoot = "";
			targets = (
			);
		};
/* End PBXProject section */

/* Begin XCBuildConfiguration section */
		41DE6C4623803063005AF654 /* Debug */ = {
			isa = XCBuildConfiguration;
			buildSettings = {
			};
			name = Debug;
		};
		41DE6C4723803063005AF654 /* Release */ = {
			isa = XCBuildConfiguration;
			buildSettings = {
			};
			name = Release;
		};
/* End XCBuildConfiguration section */

/* Begin XCConfigurationList section */
		41DE6C4523803063005AF654 /* Build configuration list for PBXProject "linear-regression-c-project" */ = {
			isa = XCConfigurationList;
			buildConfigurations = (
				41DE6C4623803063005AF654 /* Debug */,
				41DE6C4723803063005AF654 /* Release */,
			);
			defaultConfigurationIsVisible = 0;
			defaultConfigurationName = Release;
		};
/* End XCConfigurationList section */
	};
	rootObject = 41DE6C4223803063005AF654 /* Project object */;
}
